
Microsoft Visual Studio Solution File, Format Version 12.00
# Visual Studio Version 17
VisualStudioVersion = 17.8.34525.116
MinimumVisualStudioVersion = 10.0.40219.1
Project("{9A19103F-16F7-4668-BE54-9A1E7A4F7556}") = "HotChocolate.GraphQLAPI", "HotChocolate.GraphQLAPI\HotChocolate.GraphQLAPI.csproj", "{192E58EF-CB77-44AF-B4B1-7E80234F8376}"
EndProject
Project("{9A19103F-16F7-4668-BE54-9A1E7A4F7556}") = "HotChocolate.Core", "HotChocolate.Core\HotChocolate.Core.csproj", "{5BB29156-BD26-49EE-836C-81A30D6870EF}"
EndProject
Project("{9A19103F-16F7-4668-BE54-9A1E7A4F7556}") = "HotChocolate.Database", "HotChocolate.Database\HotChocolate.Database.csproj", "{F5178692-9B05-44EC-AA6A-657DDD7BC143}"
EndProject
Global
	GlobalSection(SolutionConfigurationPlatforms) = preSolution
		Debug|Any CPU = Debug|Any CPU
		Release|Any CPU = Release|Any CPU
	EndGlobalSection
	GlobalSection(ProjectConfigurationPlatforms) = postSolution
		{192E58EF-CB77-44AF-B4B1-7E80234F8376}.Debug|Any CPU.ActiveCfg = Debug|Any CPU
		{192E58EF-CB77-44AF-B4B1-7E80234F8376}.Debug|Any CPU.Build.0 = Debug|Any CPU
		{192E58EF-CB77-44AF-B4B1-7E80234F8376}.Release|Any CPU.ActiveCfg = Release|Any CPU
		{192E58EF-CB77-44AF-B4B1-7E80234F8376}.Release|Any CPU.Build.0 = Release|Any CPU
		{5BB29156-BD26-49EE-836C-81A30D6870EF}.Debug|Any CPU.ActiveCfg = Debug|Any CPU
		{5BB29156-BD26-49EE-836C-81A30D6870EF}.Debug|Any CPU.Build.0 = Debug|Any CPU
		{5BB29156-BD26-49EE-836C-81A30D6870EF}.Release|Any CPU.ActiveCfg = Release|Any CPU
		{5BB29156-BD26-49EE-836C-81A30D6870EF}.Release|Any CPU.Build.0 = Release|Any CPU
		{F5178692-9B05-44EC-AA6A-657DDD7BC143}.Debug|Any CPU.ActiveCfg = Debug|Any CPU
		{F5178692-9B05-44EC-AA6A-657DDD7BC143}.Debug|Any CPU.Build.0 = Debug|Any CPU
		{F5178692-9B05-44EC-AA6A-657DDD7BC143}.Release|Any CPU.ActiveCfg = Release|Any CPU
		{F5178692-9B05-44EC-AA6A-657DDD7BC143}.Release|Any CPU.Build.0 = Release|Any CPU
	EndGlobalSection
	GlobalSection(SolutionProperties) = preSolution
		HideSolutionNode = FALSE
	EndGlobalSection
	GlobalSection(ExtensibilityGlobals) = postSolution
		SolutionGuid = {B19CB763-A79C-4A40-837E-60AEF8B9CC9F}
	EndGlobalSection
EndGlobal
